[[package]]
category = "main"
description = "a simple module for printing lists"
name = "my-module"
optional = false
python-versions = "*"
version = "1.6.2"

[metadata]
content-hash = "be8a221661d1b3062a47bcf4cdcf0c1a2f2e8edd4d6fdbb9c54448861d00cdc2"
python-versions = "^3.8"

[metadata.files]
my-module = [
    {file = "my_module-1.6.2.zip", hash = "sha256:14a0cffb0e077ca69404729a852b4088c503a25ecf63ef5b12fbfa2257e43318"},
]
